
Microsoft Visual Studio Solution File, Format Version 12.00
# Visual Studio Version 16
VisualStudioVersion = 16.0.31410.357
MinimumVisualStudioVersion = 10.0.40219.1
Project("{FAE04EC0-301F-11D3-BF4B-00C04F79EFBC}") = "Ejercicios", "Ejercicio(1)\Ejercicios.csproj", "{4213F58F-9ADD-4A13-AA9A-741AFFBCF943}"
EndProject
Global
	GlobalSection(SolutionConfigurationPlatforms) = preSolution
		Debug|Any CPU = Debug|Any CPU
		Release|Any CPU = Release|Any CPU
	EndGlobalSection
	GlobalSection(ProjectConfigurationPlatforms) = postSolution
		{4213F58F-9ADD-4A13-AA9A-741AFFBCF943}.Debug|Any CPU.ActiveCfg = Debug|Any CPU
		{4213F58F-9ADD-4A13-AA9A-741AFFBCF943}.Debug|Any CPU.Build.0 = Debug|Any CPU
		{4213F58F-9ADD-4A13-AA9A-741AFFBCF943}.Release|Any CPU.ActiveCfg = Release|Any CPU
		{4213F58F-9ADD-4A13-AA9A-741AFFBCF943}.Release|Any CPU.Build.0 = Release|Any CPU
	EndGlobalSection
	GlobalSection(SolutionProperties) = preSolution
		HideSolutionNode = FALSE
	EndGlobalSection
	GlobalSection(ExtensibilityGlobals) = postSolution
		SolutionGuid = {6C13C2E6-79E7-43BE-AE2C-AA1ED53866AC}
	EndGlobalSection
EndGlobal
